// !$*UTF8*$!
{
	archiveVersion = 1;
	classes = {
	};
	objectVersion = 46;
	objects = {

/* Begin PBXBuildFile section */
		4A0830DD1AB27CC900311C6E /* AppDelegate.swift in Sources */ = {isa = PBXBuildFile; fileRef = 4A0830DC1AB27CC900311C6E /* AppDelegate.swift */; };
		4A0830DF1AB27CCA00311C6E /* MainViewController.swift in Sources */ = {isa = PBXBuildFile; fileRef = 4A0830DE1AB27CC900311C6E /* MainViewController.swift */; };
		4A0830E21AB27CCA00311C6E /* Main.storyboard in Resources */ = {isa = PBXBuildFile; fileRef = 4A0830E01AB27CCA00311C6E /* Main.storyboard */; };
		4A0830E41AB27CCA00311C6E /* Images.xcassets in Resources */ = {isa = PBXBuildFile; fileRef = 4A0830E31AB27CCA00311C6E /* Images.xcassets */; };
		4A0830E71AB27CCA00311C6E /* LaunchScreen.xib in Resources */ = {isa = PBXBuildFile; fileRef = 4A0830E51AB27CCA00311C6E /* LaunchScreen.xib */; };
		4A0830F31AB27CCA00311C6E /* see_apiTests.swift in Sources */ = {isa = PBXBuildFile; fileRef = 4A0830F21AB27CCA00311C6E /* see_apiTests.swift */; };
		4A0830FD1AB27F0F00311C6E /* InAppPurchaseController.swift in Sources */ = {isa = PBXBuildFile; fileRef = 4A0830FC1AB27F0F00311C6E /* InAppPurchaseController.swift */; };
		4A0831001AB282DC00311C6E /* Bolts.framework in Frameworks */ = {isa = PBXBuildFile; fileRef = 4A0830FE1AB282DC00311C6E /* Bolts.framework */; };
		4A0831011AB282DC00311C6E /* Parse.framework in Frameworks */ = {isa = PBXBuildFile; fileRef = 4A0830FF1AB282DC00311C6E /* Parse.framework */; };
		4A0831041AB2831100311C6E /* AudioToolbox.framework in Frameworks */ = {isa = PBXBuildFile; fileRef = 4A0831031AB2831100311C6E /* AudioToolbox.framework */; };
		4A0831061AB2831600311C6E /* CFNetwork.framework in Frameworks */ = {isa = PBXBuildFile; fileRef = 4A0831051AB2831600311C6E /* CFNetwork.framework */; };
		4A0831081AB2831C00311C6E /* CoreGraphics.framework in Frameworks */ = {isa = PBXBuildFile; fileRef = 4A0831071AB2831C00311C6E /* CoreGraphics.framework */; };
		4A08310A1AB2832300311C6E /* CoreLocation.framework in Frameworks */ = {isa = PBXBuildFile; fileRef = 4A0831091AB2832300311C6E /* CoreLocation.framework */; };
		4A08310C1AB2832C00311C6E /* MobileCoreServices.framework in Frameworks */ = {isa = PBXBuildFile; fileRef = 4A08310B1AB2832C00311C6E /* MobileCoreServices.framework */; };
		4A08310E1AB2833300311C6E /* QuartzCore.framework in Frameworks */ = {isa = PBXBuildFile; fileRef = 4A08310D1AB2833300311C6E /* QuartzCore.framework */; };
		4A0831101AB2833900311C6E /* Security.framework in Frameworks */ = {isa = PBXBuildFile; fileRef = 4A08310F1AB2833900311C6E /* Security.framework */; };
		4A0831121AB2834000311C6E /* StoreKit.framework in Frameworks */ = {isa = PBXBuildFile; fileRef = 4A0831111AB2834000311C6E /* StoreKit.framework */; };
		4A0831141AB2834900311C6E /* SystemConfiguration.framework in Frameworks */ = {isa = PBXBuildFile; fileRef = 4A0831131AB2834900311C6E /* SystemConfiguration.framework */; };
		4A0831161AB2835400311C6E /* libz.dylib in Frameworks */ = {isa = PBXBuildFile; fileRef = 4A0831151AB2835400311C6E /* libz.dylib */; };
		4A0831181AB2835A00311C6E /* libsqlite3.dylib in Frameworks */ = {isa = PBXBuildFile; fileRef = 4A0831171AB2835A00311C6E /* libsqlite3.dylib */; };
		4A0831531AB5070800311C6E /* GridViewController.swift in Sources */ = {isa = PBXBuildFile; fileRef = 4A0831521AB5070800311C6E /* GridViewController.swift */; };
		4A0831571AB50AA300311C6E /* UploadViewController.swift in Sources */ = {isa = PBXBuildFile; fileRef = 4A0831561AB50AA300311C6E /* UploadViewController.swift */; };
		4A0831591AB5117F00311C6E /* UIUtilFunctions.swift in Sources */ = {isa = PBXBuildFile; fileRef = 4A0831581AB5117F00311C6E /* UIUtilFunctions.swift */; };
		4A08315B1AB549BC00311C6E /* photoCell.swift in Sources */ = {isa = PBXBuildFile; fileRef = 4A08315A1AB549BC00311C6E /* photoCell.swift */; };
		4A9C8CA91AC34CD4009D6800 /* GalleryUpdateViewController.swift in Sources */ = {isa = PBXBuildFile; fileRef = 4A9C8CA81AC34CD4009D6800 /* GalleryUpdateViewController.swift */; };
		4AD3409D1AB67AA60079A575 /* LoginViewController.swift in Sources */ = {isa = PBXBuildFile; fileRef = 4AD3409C1AB67AA60079A575 /* LoginViewController.swift */; };
		4ADFDE971AB8F569008EA6E1 /* LikeViewController.swift in Sources */ = {isa = PBXBuildFile; fileRef = 4ADFDE961AB8F569008EA6E1 /* LikeViewController.swift */; };
/* End PBXBuildFile section */

/* Begin PBXContainerItemProxy section */
		4A0830ED1AB27CCA00311C6E /* PBXContainerItemProxy */ = {
			isa = PBXContainerItemProxy;
			containerPortal = 4A0830CF1AB27CC900311C6E /* Project object */;
			proxyType = 1;
			remoteGlobalIDString = 4A0830D61AB27CC900311C6E;
			remoteInfo = see_api;
		};
/* End PBXContainerItemProxy section */

/* Begin PBXFileReference section */
		4A0830D71AB27CC900311C6E /* see_api.app */ = {isa = PBXFileReference; explicitFileType = wrapper.application; includeInIndex = 0; path = see_api.app; sourceTree = BUILT_PRODUCTS_DIR; };
		4A0830DB1AB27CC900311C6E /* Info.plist */ = {isa = PBXFileReference; lastKnownFileType = text.plist.xml; path = Info.plist; sourceTree = "<group>"; };
		4A0830DC1AB27CC900311C6E /* AppDelegate.swift */ = {isa = PBXFileReference; lastKnownFileType = sourcecode.swift; path = AppDelegate.swift; sourceTree = "<group>"; };
		4A0830DE1AB27CC900311C6E /* MainViewController.swift */ = {isa = PBXFileReference; lastKnownFileType = sourcecode.swift; path = MainViewController.swift; sourceTree = "<group>"; };
		4A0830E11AB27CCA00311C6E /* Base */ = {isa = PBXFileReference; lastKnownFileType = file.storyboard; name = Base; path = Base.lproj/Main.storyboard; sourceTree = "<group>"; };
		4A0830E31AB27CCA00311C6E /* Images.xcassets */ = {isa = PBXFileReference; lastKnownFileType = folder.assetcatalog; path = Images.xcassets; sourceTree = "<group>"; };
		4A0830E61AB27CCA00311C6E /* Base */ = {isa = PBXFileReference; lastKnownFileType = file.xib; name = Base; path = Base.lproj/LaunchScreen.xib; sourceTree = "<group>"; };
		4A0830EC1AB27CCA00311C6E /* see_apiTests.xctest */ = {isa = PBXFileReference; explicitFileType = wrapper.cfbundle; includeInIndex = 0; path = see_apiTests.xctest; sourceTree = BUILT_PRODUCTS_DIR; };
		4A0830F11AB27CCA00311C6E /* Info.plist */ = {isa = PBXFileReference; lastKnownFileType = text.plist.xml; path = Info.plist; sourceTree = "<group>"; };
		4A0830F21AB27CCA00311C6E /* see_apiTests.swift */ = {isa = PBXFileReference; lastKnownFileType = sourcecode.swift; path = see_apiTests.swift; sourceTree = "<group>"; };
		4A0830FC1AB27F0F00311C6E /* InAppPurchaseController.swift */ = {isa = PBXFileReference; fileEncoding = 4; lastKnownFileType = sourcecode.swift; path = InAppPurchaseController.swift; sourceTree = "<group>"; };
		4A0830FE1AB282DC00311C6E /* Bolts.framework */ = {isa = PBXFileReference; lastKnownFileType = wrapper.framework; path = Bolts.framework; sourceTree = "<group>"; };
		4A0830FF1AB282DC00311C6E /* Parse.framework */ = {isa = PBXFileReference; lastKnownFileType = wrapper.framework; path = Parse.framework; sourceTree = "<group>"; };
		4A0831031AB2831100311C6E /* AudioToolbox.framework */ = {isa = PBXFileReference; lastKnownFileType = wrapper.framework; name = AudioToolbox.framework; path = System/Library/Frameworks/AudioToolbox.framework; sourceTree = SDKROOT; };
		4A0831051AB2831600311C6E /* CFNetwork.framework */ = {isa = PBXFileReference; lastKnownFileType = wrapper.framework; name = CFNetwork.framework; path = System/Library/Frameworks/CFNetwork.framework; sourceTree = SDKROOT; };
		4A0831071AB2831C00311C6E /* CoreGraphics.framework */ = {isa = PBXFileReference; lastKnownFileType = wrapper.framework; name = CoreGraphics.framework; path = System/Library/Frameworks/CoreGraphics.framework; sourceTree = SDKROOT; };
		4A0831091AB2832300311C6E /* CoreLocation.framework */ = {isa = PBXFileReference; lastKnownFileType = wrapper.framework; name = CoreLocation.framework; path = System/Library/Frameworks/CoreLocation.framework; sourceTree = SDKROOT; };
		4A08310B1AB2832C00311C6E /* MobileCoreServices.framework */ = {isa = PBXFileReference; lastKnownFileType = wrapper.framework; name = MobileCoreServices.framework; path = System/Library/Frameworks/MobileCoreServices.framework; sourceTree = SDKROOT; };
		4A08310D1AB2833300311C6E /* QuartzCore.framework */ = {isa = PBXFileReference; lastKnownFileType = wrapper.framework; name = QuartzCore.framework; path = System/Library/Frameworks/QuartzCore.framework; sourceTree = SDKROOT; };
		4A08310F1AB2833900311C6E /* Security.framework */ = {isa = PBXFileReference; lastKnownFileType = wrapper.framework; name = Security.framework; path = System/Library/Frameworks/Security.framework; sourceTree = SDKROOT; };
		4A0831111AB2834000311C6E /* StoreKit.framework */ = {isa = PBXFileReference; lastKnownFileType = wrapper.framework; name = StoreKit.framework; path = System/Library/Frameworks/StoreKit.framework; sourceTree = SDKROOT; };
		4A0831131AB2834900311C6E /* SystemConfiguration.framework */ = {isa = PBXFileReference; lastKnownFileType = wrapper.framework; name = SystemConfiguration.framework; path = System/Library/Frameworks/SystemConfiguration.framework; sourceTree = SDKROOT; };
		4A0831151AB2835400311C6E /* libz.dylib */ = {isa = PBXFileReference; lastKnownFileType = "compiled.mach-o.dylib"; name = libz.dylib; path = usr/lib/libz.dylib; sourceTree = SDKROOT; };
		4A0831171AB2835A00311C6E /* libsqlite3.dylib */ = {isa = PBXFileReference; lastKnownFileType = "compiled.mach-o.dylib"; name = libsqlite3.dylib; path = usr/lib/libsqlite3.dylib; sourceTree = SDKROOT; };
		4A0831521AB5070800311C6E /* GridViewController.swift */ = {isa = PBXFileReference; fileEncoding = 4; lastKnownFileType = sourcecode.swift; path = GridViewController.swift; sourceTree = "<group>"; };
		4A0831561AB50AA300311C6E /* UploadViewController.swift */ = {isa = PBXFileReference; fileEncoding = 4; lastKnownFileType = sourcecode.swift; path = UploadViewController.swift; sourceTree = "<group>"; };
		4A0831581AB5117F00311C6E /* UIUtilFunctions.swift */ = {isa = PBXFileReference; fileEncoding = 4; lastKnownFileType = sourcecode.swift; path = UIUtilFunctions.swift; sourceTree = "<group>"; };
		4A08315A1AB549BC00311C6E /* photoCell.swift */ = {isa = PBXFileReference; fileEncoding = 4; lastKnownFileType = sourcecode.swift; path = photoCell.swift; sourceTree = "<group>"; };
		4A9C8CA81AC34CD4009D6800 /* GalleryUpdateViewController.swift */ = {isa = PBXFileReference; fileEncoding = 4; lastKnownFileType = sourcecode.swift; path = GalleryUpdateViewController.swift; sourceTree = "<group>"; };
		4AD3409C1AB67AA60079A575 /* LoginViewController.swift */ = {isa = PBXFileReference; fileEncoding = 4; lastKnownFileType = sourcecode.swift; path = LoginViewController.swift; sourceTree = "<group>"; };
		4ADFDE961AB8F569008EA6E1 /* LikeViewController.swift */ = {isa = PBXFileReference; fileEncoding = 4; lastKnownFileType = sourcecode.swift; path = LikeViewController.swift; sourceTree = "<group>"; };
/* End PBXFileReference section */

/* Begin PBXFrameworksBuildPhase section */
		4A0830D41AB27CC900311C6E /* Frameworks */ = {
			isa = PBXFrameworksBuildPhase;
			buildActionMask = 2147483647;
			files = (
				4A0831181AB2835A00311C6E /* libsqlite3.dylib in Frameworks */,
				4A0831161AB2835400311C6E /* libz.dylib in Frameworks */,
				4A0831141AB2834900311C6E /* SystemConfiguration.framework in Frameworks */,
				4A0831121AB2834000311C6E /* StoreKit.framework in Frameworks */,
				4A0831101AB2833900311C6E /* Security.framework in Frameworks */,
				4A08310E1AB2833300311C6E /* QuartzCore.framework in Frameworks */,
				4A08310C1AB2832C00311C6E /* MobileCoreServices.framework in Frameworks */,
				4A08310A1AB2832300311C6E /* CoreLocation.framework in Frameworks */,
				4A0831081AB2831C00311C6E /* CoreGraphics.framework in Frameworks */,
				4A0831061AB2831600311C6E /* CFNetwork.framework in Frameworks */,
				4A0831041AB2831100311C6E /* AudioToolbox.framework in Frameworks */,
				4A0831011AB282DC00311C6E /* Parse.framework in Frameworks */,
				4A0831001AB282DC00311C6E /* Bolts.framework in Frameworks */,
			);
			runOnlyForDeploymentPostprocessing = 0;
		};
		4A0830E91AB27CCA00311C6E /* Frameworks */ = {
			isa = PBXFrameworksBuildPhase;
			buildActionMask = 2147483647;
			files = (
			);
			runOnlyForDeploymentPostprocessing = 0;
		};
/* End PBXFrameworksBuildPhase section */

/* Begin PBXGroup section */
		4A0830CE1AB27CC900311C6E = {
			isa = PBXGroup;
			children = (
				4A0831191AB2836A00311C6E /* dependencies */,
				4A0830D91AB27CC900311C6E /* see_api */,
				4A0830EF1AB27CCA00311C6E /* see_apiTests */,
				4A0830D81AB27CC900311C6E /* Products */,
			);
			sourceTree = "<group>";
		};
		4A0830D81AB27CC900311C6E /* Products */ = {
			isa = PBXGroup;
			children = (
				4A0830D71AB27CC900311C6E /* see_api.app */,
				4A0830EC1AB27CCA00311C6E /* see_apiTests.xctest */,
			);
			name = Products;
			sourceTree = "<group>";
		};
		4A0830D91AB27CC900311C6E /* see_api */ = {
			isa = PBXGroup;
			children = (
				4A0831021AB282E100311C6E /* parseSDK */,
				4A0830DC1AB27CC900311C6E /* AppDelegate.swift */,
				4A0830DE1AB27CC900311C6E /* MainViewController.swift */,
				4A0830E01AB27CCA00311C6E /* Main.storyboard */,
				4A9C8CA81AC34CD4009D6800 /* GalleryUpdateViewController.swift */,
				4ADFDE961AB8F569008EA6E1 /* LikeViewController.swift */,
				4AD3409C1AB67AA60079A575 /* LoginViewController.swift */,
				4A0831561AB50AA300311C6E /* UploadViewController.swift */,
				4A0831581AB5117F00311C6E /* UIUtilFunctions.swift */,
				4A0831521AB5070800311C6E /* GridViewController.swift */,
				4A08315A1AB549BC00311C6E /* photoCell.swift */,
				4A0830FC1AB27F0F00311C6E /* InAppPurchaseController.swift */,
				4A0830E31AB27CCA00311C6E /* Images.xcassets */,
				4A0830E51AB27CCA00311C6E /* LaunchScreen.xib */,
				4A0830DA1AB27CC900311C6E /* Supporting Files */,
			);
			path = see_api;
			sourceTree = "<group>";
		};
		4A0830DA1AB27CC900311C6E /* Supporting Files */ = {
			isa = PBXGroup;
			children = (
				4A0830DB1AB27CC900311C6E /* Info.plist */,
			);
			name = "Supporting Files";
			sourceTree = "<group>";
		};
		4A0830EF1AB27CCA00311C6E /* see_apiTests */ = {
			isa = PBXGroup;
			children = (
				4A0830F21AB27CCA00311C6E /* see_apiTests.swift */,
				4A0830F01AB27CCA00311C6E /* Supporting Files */,
			);
			path = see_apiTests;
			sourceTree = "<group>";
		};
		4A0830F01AB27CCA00311C6E /* Supporting Files */ = {
			isa = PBXGroup;
			children = (
				4A0830F11AB27CCA00311C6E /* Info.plist */,
			);
			name = "Supporting Files";
			sourceTree = "<group>";
		};
		4A0831021AB282E100311C6E /* parseSDK */ = {
			isa = PBXGroup;
			children = (
				4A0830FE1AB282DC00311C6E /* Bolts.framework */,
				4A0830FF1AB282DC00311C6E /* Parse.framework */,
			);
			name = parseSDK;
			sourceTree = "<group>";
		};
		4A0831191AB2836A00311C6E /* dependencies */ = {
			isa = PBXGroup;
			children = (
				4A0831171AB2835A00311C6E /* libsqlite3.dylib */,
				4A0831151AB2835400311C6E /* libz.dylib */,
				4A0831131AB2834900311C6E /* SystemConfiguration.framework */,
				4A0831111AB2834000311C6E /* StoreKit.framework */,
				4A08310F1AB2833900311C6E /* Security.framework */,
				4A08310D1AB2833300311C6E /* QuartzCore.framework */,
				4A08310B1AB2832C00311C6E /* MobileCoreServices.framework */,
				4A0831091AB2832300311C6E /* CoreLocation.framework */,
				4A0831071AB2831C00311C6E /* CoreGraphics.framework */,
				4A0831051AB2831600311C6E /* CFNetwork.framework */,
				4A0831031AB2831100311C6E /* AudioToolbox.framework */,
			);
			name = dependencies;
			sourceTree = "<group>";
		};
/* End PBXGroup section */

/* Begin PBXNativeTarget section */
		4A0830D61AB27CC900311C6E /* see_api */ = {
			isa = PBXNativeTarget;
			buildConfigurationList = 4A0830F61AB27CCA00311C6E /* Build configuration list for PBXNativeTarget "see_api" */;
			buildPhases = (
				4A0830D31AB27CC900311C6E /* Sources */,
				4A0830D41AB27CC900311C6E /* Frameworks */,
				4A0830D51AB27CC900311C6E /* Resources */,
			);
			buildRules = (
			);
			dependencies = (
			);
			name = see_api;
			productName = see_api;
			productReference = 4A0830D71AB27CC900311C6E /* see_api.app */;
			productType = "com.apple.product-type.application";
		};
		4A0830EB1AB27CCA00311C6E /* see_apiTests */ = {
			isa = PBXNativeTarget;
			buildConfigurationList = 4A0830F91AB27CCA00311C6E /* Build configuration list for PBXNativeTarget "see_apiTests" */;
			buildPhases = (
				4A0830E81AB27CCA00311C6E /* Sources */,
				4A0830E91AB27CCA00311C6E /* Frameworks */,
				4A0830EA1AB27CCA00311C6E /* Resources */,
			);
			buildRules = (
			);
			dependencies = (
				4A0830EE1AB27CCA00311C6E /* PBXTargetDependency */,
			);
			name = see_apiTests;
			productName = see_apiTests;
			productReference = 4A0830EC1AB27CCA00311C6E /* see_apiTests.xctest */;
			productType = "com.apple.product-type.bundle.unit-test";
		};
/* End PBXNativeTarget section */

/* Begin PBXProject section */
		4A0830CF1AB27CC900311C6E /* Project object */ = {
			isa = PBXProject;
			attributes = {
				LastUpgradeCheck = 0620;
				ORGANIZATIONNAME = "Pete Kim";
				TargetAttributes = {
					4A0830D61AB27CC900311C6E = {
						CreatedOnToolsVersion = 6.2;
					};
					4A0830EB1AB27CCA00311C6E = {
						CreatedOnToolsVersion = 6.2;
						TestTargetID = 4A0830D61AB27CC900311C6E;
					};
				};
			};
			buildConfigurationList = 4A0830D21AB27CC900311C6E /* Build configuration list for PBXProject "see_api" */;
			compatibilityVersion = "Xcode 3.2";
			developmentRegion = English;
			hasScannedForEncodings = 0;
			knownRegions = (
				en,
				Base,
			);
			mainGroup = 4A0830CE1AB27CC900311C6E;
			productRefGroup = 4A0830D81AB27CC900311C6E /* Products */;
			projectDirPath = "";
			projectRoot = "";
			targets = (
				4A0830D61AB27CC900311C6E /* see_api */,
				4A0830EB1AB27CCA00311C6E /* see_apiTests */,
			);
		};
/* End PBXProject section */

/* Begin PBXResourcesBuildPhase section */
		4A0830D51AB27CC900311C6E /* Resources */ = {
			isa = PBXResourcesBuildPhase;
			buildActionMask = 2147483647;
			files = (
				4A0830E21AB27CCA00311C6E /* Main.storyboard in Resources */,
				4A0830E71AB27CCA00311C6E /* LaunchScreen.xib in Resources */,
				4A0830E41AB27CCA00311C6E /* Images.xcassets in Resources */,
			);
			runOnlyForDeploymentPostprocessing = 0;
		};
		4A0830EA1AB27CCA00311C6E /* Resources */ = {
			isa = PBXResourcesBuildPhase;
			buildActionMask = 2147483647;
			files = (
			);
			runOnlyForDeploymentPostprocessing = 0;
		};
/* End PBXResourcesBuildPhase section */

/* Begin PBXSourcesBuildPhase section */
		4A0830D31AB27CC900311C6E /* Sources */ = {
			isa = PBXSourcesBuildPhase;
			buildActionMask = 2147483647;
			files = (
				4A0831531AB5070800311C6E /* GridViewController.swift in Sources */,
				4A08315B1AB549BC00311C6E /* photoCell.swift in Sources */,
				4A9C8CA91AC34CD4009D6800 /* GalleryUpdateViewController.swift in Sources */,
				4ADFDE971AB8F569008EA6E1 /* LikeViewController.swift in Sources */,
				4A0831571AB50AA300311C6E /* UploadViewController.swift in Sources */,
				4A0830FD1AB27F0F00311C6E /* InAppPurchaseController.swift in Sources */,
				4AD3409D1AB67AA60079A575 /* LoginViewController.swift in Sources */,
				4A0830DF1AB27CCA00311C6E /* MainViewController.swift in Sources */,
				4A0830DD1AB27CC900311C6E /* AppDelegate.swift in Sources */,
				4A0831591AB5117F00311C6E /* UIUtilFunctions.swift in Sources */,
			);
			runOnlyForDeploymentPostprocessing = 0;
		};
		4A0830E81AB27CCA00311C6E /* Sources */ = {
			isa = PBXSourcesBuildPhase;
			buildActionMask = 2147483647;
			files = (
				4A0830F31AB27CCA00311C6E /* see_apiTests.swift in Sources */,
			);
			runOnlyForDeploymentPostprocessing = 0;
		};
/* End PBXSourcesBuildPhase section */

/* Begin PBXTargetDependency section */
		4A0830EE1AB27CCA00311C6E /* PBXTargetDependency */ = {
			isa = PBXTargetDependency;
			target = 4A0830D61AB27CC900311C6E /* see_api */;
			targetProxy = 4A0830ED1AB27CCA00311C6E /* PBXContainerItemProxy */;
		};
/* End PBXTargetDependency section */

/* Begin PBXVariantGroup section */
		4A0830E01AB27CCA00311C6E /* Main.storyboard */ = {
			isa = PBXVariantGroup;
			children = (
				4A0830E11AB27CCA00311C6E /* Base */,
			);
			name = Main.storyboard;
			sourceTree = "<group>";
		};
		4A0830E51AB27CCA00311C6E /* LaunchScreen.xib */ = {
			isa = PBXVariantGroup;
			children = (
				4A0830E61AB27CCA00311C6E /* Base */,
			);
			name = LaunchScreen.xib;
			sourceTree = "<group>";
		};
/* End PBXVariantGroup section */

/* Begin XCBuildConfiguration section */
		4A0830F41AB27CCA00311C6E /* Debug */ = {
			isa = XCBuildConfiguration;
			buildSettings = {
				ALWAYS_SEARCH_USER_PATHS = NO;
				CLANG_CXX_LANGUAGE_STANDARD = "gnu++0x";
				CLANG_CXX_LIBRARY = "libc++";
				CLANG_ENABLE_MODULES = YES;
				CLANG_ENABLE_OBJC_ARC = YES;
				CLANG_WARN_BOOL_CONVERSION = YES;
				CLANG_WARN_CONSTANT_CONVERSION = YES;
				CLANG_WARN_DIRECT_OBJC_ISA_USAGE = YES_ERROR;
				CLANG_WARN_EMPTY_BODY = YES;
				CLANG_WARN_ENUM_CONVERSION = YES;
				CLANG_WARN_INT_CONVERSION = YES;
				CLANG_WARN_OBJC_ROOT_CLASS = YES_ERROR;
				CLANG_WARN_UNREACHABLE_CODE = YES;
				CLANG_WARN__DUPLICATE_METHOD_MATCH = YES;
				"CODE_SIGN_IDENTITY[sdk=iphoneos*]" = "iPhone Developer";
				COPY_PHASE_STRIP = NO;
				ENABLE_STRICT_OBJC_MSGSEND = YES;
				GCC_C_LANGUAGE_STANDARD = gnu99;
				GCC_DYNAMIC_NO_PIC = NO;
				GCC_OPTIMIZATION_LEVEL = 0;
				GCC_PREPROCESSOR_DEFINITIONS = (
					"DEBUG=1",
					"$(inherited)",
				);
				GCC_SYMBOLS_PRIVATE_EXTERN = NO;
				GCC_WARN_64_TO_32_BIT_CONVERSION = YES;
				GCC_WARN_ABOUT_RETURN_TYPE = YES_ERROR;
				GCC_WARN_UNDECLARED_SELECTOR = YES;
				GCC_WARN_UNINITIALIZED_AUTOS = YES_AGGRESSIVE;
				GCC_WARN_UNUSED_FUNCTION = YES;
				GCC_WARN_UNUSED_VARIABLE = YES;
				IPHONEOS_DEPLOYMENT_TARGET = 8.2;
				MTL_ENABLE_DEBUG_INFO = YES;
				ONLY_ACTIVE_ARCH = YES;
				SDKROOT = iphoneos;
				SWIFT_OPTIMIZATION_LEVEL = "-Onone";
			};
			name = Debug;
		};
		4A0830F51AB27CCA00311C6E /* Release */ = {
			isa = XCBuildConfiguration;
			buildSettings = {
				ALWAYS_SEARCH_USER_PATHS = NO;
				CLANG_CXX_LANGUAGE_STANDARD = "gnu++0x";
				CLANG_CXX_LIBRARY = "libc++";
				CLANG_ENABLE_MODULES = YES;
				CLANG_ENABLE_OBJC_ARC = YES;
				CLANG_WARN_BOOL_CONVERSION = YES;
				CLANG_WARN_CONSTANT_CONVERSION = YES;
				CLANG_WARN_DIRECT_OBJC_ISA_USAGE = YES_ERROR;
				CLANG_WARN_EMPTY_BODY = YES;
				CLANG_WARN_ENUM_CONVERSION = YES;
				CLANG_WARN_INT_CONVERSION = YES;
				CLANG_WARN_OBJC_ROOT_CLASS = YES_ERROR;
				CLANG_WARN_UNREACHABLE_CODE = YES;
				CLANG_WARN__DUPLICATE_METHOD_MATCH = YES;
				"CODE_SIGN_IDENTITY[sdk=iphoneos*]" = "iPhone Developer";
				COPY_PHASE_STRIP = NO;
				ENABLE_NS_ASSERTIONS = NO;
				ENABLE_STRICT_OBJC_MSGSEND = YES;
				GCC_C_LANGUAGE_STANDARD = gnu99;
				GCC_WARN_64_TO_32_BIT_CONVERSION = YES;
				GCC_WARN_ABOUT_RETURN_TYPE = YES_ERROR;
				GCC_WARN_UNDECLARED_SELECTOR = YES;
				GCC_WARN_UNINITIALIZED_AUTOS = YES_AGGRESSIVE;
				GCC_WARN_UNUSED_FUNCTION = YES;
				GCC_WARN_UNUSED_VARIABLE = YES;
				IPHONEOS_DEPLOYMENT_TARGET = 8.2;
				MTL_ENABLE_DEBUG_INFO = NO;
				SDKROOT = iphoneos;
				VALIDATE_PRODUCT = YES;
			};
			name = Release;
		};
		4A0830F71AB27CCA00311C6E /* Debug */ = {
			isa = XCBuildConfiguration;
			buildSettings = {
				ASSETCATALOG_COMPILER_APPICON_NAME = AppIcon;
				FRAMEWORK_SEARCH_PATHS = (
					"$(inherited)",
					"$(PROJECT_DIR)/see_api",
				);
				INFOPLIST_FILE = see_api/Info.plist;
				LD_RUNPATH_SEARCH_PATHS = "$(inherited) @executable_path/Frameworks";
				PRODUCT_NAME = "$(TARGET_NAME)";
			};
			name = Debug;
		};
		4A0830F81AB27CCA00311C6E /* Release */ = {
			isa = XCBuildConfiguration;
			buildSettings = {
				ASSETCATALOG_COMPILER_APPICON_NAME = AppIcon;
				FRAMEWORK_SEARCH_PATHS = (
					"$(inherited)",
					"$(PROJECT_DIR)/see_api",
				);
				INFOPLIST_FILE = see_api/Info.plist;
				LD_RUNPATH_SEARCH_PATHS = "$(inherited) @executable_path/Frameworks";
				PRODUCT_NAME = "$(TARGET_NAME)";
			};
			name = Release;
		};
		4A0830FA1AB27CCA00311C6E /* Debug */ = {
			isa = XCBuildConfiguration;
			buildSettings = {
				BUNDLE_LOADER = "$(TEST_HOST)";
				FRAMEWORK_SEARCH_PATHS = (
					"$(SDKROOT)/Developer/Library/Frameworks",
					"$(inherited)",
				);
				GCC_PREPROCESSOR_DEFINITIONS = (
					"DEBUG=1",
					"$(inherited)",
				);
				INFOPLIST_FILE = see_apiTests/Info.plist;
				LD_RUNPATH_SEARCH_PATHS = "$(inherited) @executable_path/Frameworks @loader_path/Frameworks";
				PRODUCT_NAME = "$(TARGET_NAME)";
				TEST_HOST = "$(BUILT_PRODUCTS_DIR)/see_api.app/see_api";
			};
			name = Debug;
		};
		4A0830FB1AB27CCA00311C6E /* Release */ = {
			isa = XCBuildConfiguration;
			buildSettings = {
				BUNDLE_LOADER = "$(TEST_HOST)";
				FRAMEWORK_SEARCH_PATHS = (
					"$(SDKROOT)/Developer/Library/Frameworks",
					"$(inherited)",
				);
				INFOPLIST_FILE = see_apiTests/Info.plist;
				LD_RUNPATH_SEARCH_PATHS = "$(inherited) @executable_path/Frameworks @loader_path/Frameworks";
				PRODUCT_NAME = "$(TARGET_NAME)";
				TEST_HOST = "$(BUILT_PRODUCTS_DIR)/see_api.app/see_api";
			};
			name = Release;
		};
/* End XCBuildConfiguration section */

/* Begin XCConfigurationList section */
		4A0830D21AB27CC900311C6E /* Build configuration list for PBXProject "see_api" */ = {
			isa = XCConfigurationList;
			buildConfigurations = (
				4A0830F41AB27CCA00311C6E /* Debug */,
				4A0830F51AB27CCA00311C6E /* Release */,
			);
			defaultConfigurationIsVisible = 0;
			defaultConfigurationName = Release;
		};
		4A0830F61AB27CCA00311C6E /* Build configuration list for PBXNativeTarget "see_api" */ = {
			isa = XCConfigurationList;
			buildConfigurations = (
				4A0830F71AB27CCA00311C6E /* Debug */,
				4A0830F81AB27CCA00311C6E /* Release */,
			);
			defaultConfigurationIsVisible = 0;
			defaultConfigurationName = Release;
		};
		4A0830F91AB27CCA00311C6E /* Build configuration list for PBXNativeTarget "see_apiTests" */ = {
			isa = XCConfigurationList;
			buildConfigurations = (
				4A0830FA1AB27CCA00311C6E /* Debug */,
				4A0830FB1AB27CCA00311C6E /* Release */,
			);
			defaultConfigurationIsVisible = 0;
			defaultConfigurationName = Release;
		};
/* End XCConfigurationList section */
	};
	rootObject = 4A0830CF1AB27CC900311C6E /* Project object */;
}
